
Microsoft Visual Studio Solution File, Format Version 12.00
# Visual Studio 15
VisualStudioVersion = 15.0.28307.572
MinimumVisualStudioVersion = 10.0.40219.1
Project("{FAE04EC0-301F-11D3-BF4B-00C04F79EFBC}") = "DeviceMonitor", "DeviceMonitor\DeviceMonitor.csproj", "{4B89A1C6-8AED-432F-B612-4AFC493638C6}"
EndProject
Project("{FAE04EC0-301F-11D3-BF4B-00C04F79EFBC}") = "SubServiceForDeviceMonitor", "SubServiceForDeviceMonitor\SubServiceForDeviceMonitor.csproj", "{44DD69F3-11EC-4818-B147-0A591A74D1FD}"
EndProject
Global
	GlobalSection(SolutionConfigurationPlatforms) = preSolution
		Debug|Any CPU = Debug|Any CPU
		Debug|x64 = Debug|x64
		Release|Any CPU = Release|Any CPU
		Release|x64 = Release|x64
	EndGlobalSection
	GlobalSection(ProjectConfigurationPlatforms) = postSolution
		{4B89A1C6-8AED-432F-B612-4AFC493638C6}.Debug|Any CPU.ActiveCfg = Debug|Any CPU
		{4B89A1C6-8AED-432F-B612-4AFC493638C6}.Debug|Any CPU.Build.0 = Debug|Any CPU
		{4B89A1C6-8AED-432F-B612-4AFC493638C6}.Debug|x64.ActiveCfg = Debug|x64
		{4B89A1C6-8AED-432F-B612-4AFC493638C6}.Debug|x64.Build.0 = Debug|x64
		{4B89A1C6-8AED-432F-B612-4AFC493638C6}.Release|Any CPU.ActiveCfg = Release|Any CPU
		{4B89A1C6-8AED-432F-B612-4AFC493638C6}.Release|Any CPU.Build.0 = Release|Any CPU
		{4B89A1C6-8AED-432F-B612-4AFC493638C6}.Release|x64.ActiveCfg = Release|x64
		{4B89A1C6-8AED-432F-B612-4AFC493638C6}.Release|x64.Build.0 = Release|x64
		{44DD69F3-11EC-4818-B147-0A591A74D1FD}.Debug|Any CPU.ActiveCfg = Debug|Any CPU
		{44DD69F3-11EC-4818-B147-0A591A74D1FD}.Debug|Any CPU.Build.0 = Debug|Any CPU
		{44DD69F3-11EC-4818-B147-0A591A74D1FD}.Debug|x64.ActiveCfg = Debug|Any CPU
		{44DD69F3-11EC-4818-B147-0A591A74D1FD}.Debug|x64.Build.0 = Debug|Any CPU
		{44DD69F3-11EC-4818-B147-0A591A74D1FD}.Release|Any CPU.ActiveCfg = Release|Any CPU
		{44DD69F3-11EC-4818-B147-0A591A74D1FD}.Release|Any CPU.Build.0 = Release|Any CPU
		{44DD69F3-11EC-4818-B147-0A591A74D1FD}.Release|x64.ActiveCfg = Release|Any CPU
		{44DD69F3-11EC-4818-B147-0A591A74D1FD}.Release|x64.Build.0 = Release|Any CPU
	EndGlobalSection
	GlobalSection(SolutionProperties) = preSolution
		HideSolutionNode = FALSE
	EndGlobalSection
	GlobalSection(ExtensibilityGlobals) = postSolution
		SolutionGuid = {86DE0617-6566-4661-91E4-67536BD2B295}
	EndGlobalSection
EndGlobal
